
Microsoft Visual Studio Solution File, Format Version 12.00
# Visual Studio 2012
Project("{FAE04EC0-301F-11D3-BF4B-00C04F79EFBC}") = "HaoCodeBuilder.Common", "HaoCodeBuilder.Common\HaoCodeBuilder.Common.csproj", "{3DC5E18A-2AAF-4ED3-B783-CF9B42A47A44}"
	ProjectSection(ProjectDependencies) = postProject
		{12CC18E0-547B-4AF4-B965-9F9F95AAB5EC} = {12CC18E0-547B-4AF4-B965-9F9F95AAB5EC}
	EndProjectSection
EndProject
Project("{FAE04EC0-301F-11D3-BF4B-00C04F79EFBC}") = "HaoCodeBuilder.IData", "HaoCodeBuilder.IData\HaoCodeBuilder.IData.csproj", "{D58C0A56-71C6-495A-84B8-E18FD586D859}"
	ProjectSection(ProjectDependencies) = postProject
		{12CC18E0-547B-4AF4-B965-9F9F95AAB5EC} = {12CC18E0-547B-4AF4-B965-9F9F95AAB5EC}
	EndProjectSection
EndProject
Project("{FAE04EC0-301F-11D3-BF4B-00C04F79EFBC}") = "HaoCodeBuilder.Factory", "HaoCodeBuilder.Factory\HaoCodeBuilder.Factory.csproj", "{A61C28E7-C0B7-4F79-9F78-079494DD564D}"
	ProjectSection(ProjectDependencies) = postProject
		{3DC5E18A-2AAF-4ED3-B783-CF9B42A47A44} = {3DC5E18A-2AAF-4ED3-B783-CF9B42A47A44}
		{12CC18E0-547B-4AF4-B965-9F9F95AAB5EC} = {12CC18E0-547B-4AF4-B965-9F9F95AAB5EC}
	EndProjectSection
EndProject
Project("{FAE04EC0-301F-11D3-BF4B-00C04F79EFBC}") = "HaoCodeBuilder.Business", "HaoCodeBuilder.Business\HaoCodeBuilder.Business.csproj", "{AA7F2C2D-0689-4994-8ED0-A322DE928C07}"
	ProjectSection(ProjectDependencies) = postProject
		{2B027833-88ED-4245-9BEE-4D8B3BC86F43} = {2B027833-88ED-4245-9BEE-4D8B3BC86F43}
		{9F6A8754-7BA9-4D30-9EE7-DA2327730081} = {9F6A8754-7BA9-4D30-9EE7-DA2327730081}
		{D58C0A56-71C6-495A-84B8-E18FD586D859} = {D58C0A56-71C6-495A-84B8-E18FD586D859}
		{3DC5E18A-2AAF-4ED3-B783-CF9B42A47A44} = {3DC5E18A-2AAF-4ED3-B783-CF9B42A47A44}
		{97858E96-E14D-4FB8-B5A1-646B2F581206} = {97858E96-E14D-4FB8-B5A1-646B2F581206}
		{6560CDB1-C655-4DE4-B059-07312816F2A2} = {6560CDB1-C655-4DE4-B059-07312816F2A2}
		{12CC18E0-547B-4AF4-B965-9F9F95AAB5EC} = {12CC18E0-547B-4AF4-B965-9F9F95AAB5EC}
		{A61C28E7-C0B7-4F79-9F78-079494DD564D} = {A61C28E7-C0B7-4F79-9F78-079494DD564D}
		{DE2E25F6-2A6F-4192-824B-446EB18B922C} = {DE2E25F6-2A6F-4192-824B-446EB18B922C}
	EndProjectSection
EndProject
Project("{FAE04EC0-301F-11D3-BF4B-00C04F79EFBC}") = "HaoCodeBuilder", "HaoCodeBuilder\HaoCodeBuilder.csproj", "{B9709B11-4606-4C92-AAD7-B8B50AB2E1B8}"
	ProjectSection(ProjectDependencies) = postProject
		{AA7F2C2D-0689-4994-8ED0-A322DE928C07} = {AA7F2C2D-0689-4994-8ED0-A322DE928C07}
		{2B027833-88ED-4245-9BEE-4D8B3BC86F43} = {2B027833-88ED-4245-9BEE-4D8B3BC86F43}
		{9F6A8754-7BA9-4D30-9EE7-DA2327730081} = {9F6A8754-7BA9-4D30-9EE7-DA2327730081}
		{D58C0A56-71C6-495A-84B8-E18FD586D859} = {D58C0A56-71C6-495A-84B8-E18FD586D859}
		{3DC5E18A-2AAF-4ED3-B783-CF9B42A47A44} = {3DC5E18A-2AAF-4ED3-B783-CF9B42A47A44}
		{97858E96-E14D-4FB8-B5A1-646B2F581206} = {97858E96-E14D-4FB8-B5A1-646B2F581206}
		{6560CDB1-C655-4DE4-B059-07312816F2A2} = {6560CDB1-C655-4DE4-B059-07312816F2A2}
		{12CC18E0-547B-4AF4-B965-9F9F95AAB5EC} = {12CC18E0-547B-4AF4-B965-9F9F95AAB5EC}
		{A61C28E7-C0B7-4F79-9F78-079494DD564D} = {A61C28E7-C0B7-4F79-9F78-079494DD564D}
		{DE2E25F6-2A6F-4192-824B-446EB18B922C} = {DE2E25F6-2A6F-4192-824B-446EB18B922C}
	EndProjectSection
EndProject
Project("{FAE04EC0-301F-11D3-BF4B-00C04F79EFBC}") = "HaoCodeBuilder.Model", "HaoCodeBuilder.Model\HaoCodeBuilder.Model.csproj", "{12CC18E0-547B-4AF4-B965-9F9F95AAB5EC}"
EndProject
Project("{FAE04EC0-301F-11D3-BF4B-00C04F79EFBC}") = "HaoCodeBuilder.Data.MySql", "HaoCodeBuilder.Data.MySql\HaoCodeBuilder.Data.MySql.csproj", "{6560CDB1-C655-4DE4-B059-07312816F2A2}"
	ProjectSection(ProjectDependencies) = postProject
		{D58C0A56-71C6-495A-84B8-E18FD586D859} = {D58C0A56-71C6-495A-84B8-E18FD586D859}
		{3DC5E18A-2AAF-4ED3-B783-CF9B42A47A44} = {3DC5E18A-2AAF-4ED3-B783-CF9B42A47A44}
		{12CC18E0-547B-4AF4-B965-9F9F95AAB5EC} = {12CC18E0-547B-4AF4-B965-9F9F95AAB5EC}
	EndProjectSection
EndProject
Project("{FAE04EC0-301F-11D3-BF4B-00C04F79EFBC}") = "HaoCodeBuilder.Data.Sqlite", "HaoCodeBuilder.Data.Sqlite\HaoCodeBuilder.Data.Sqlite.csproj", "{97858E96-E14D-4FB8-B5A1-646B2F581206}"
	ProjectSection(ProjectDependencies) = postProject
		{D58C0A56-71C6-495A-84B8-E18FD586D859} = {D58C0A56-71C6-495A-84B8-E18FD586D859}
		{3DC5E18A-2AAF-4ED3-B783-CF9B42A47A44} = {3DC5E18A-2AAF-4ED3-B783-CF9B42A47A44}
		{12CC18E0-547B-4AF4-B965-9F9F95AAB5EC} = {12CC18E0-547B-4AF4-B965-9F9F95AAB5EC}
	EndProjectSection
EndProject
Project("{FAE04EC0-301F-11D3-BF4B-00C04F79EFBC}") = "HaoCodeBuilder.Data.Oracle", "HaoCodeBuilder.Data.Oracle\HaoCodeBuilder.Data.Oracle.csproj", "{DE2E25F6-2A6F-4192-824B-446EB18B922C}"
	ProjectSection(ProjectDependencies) = postProject
		{D58C0A56-71C6-495A-84B8-E18FD586D859} = {D58C0A56-71C6-495A-84B8-E18FD586D859}
		{3DC5E18A-2AAF-4ED3-B783-CF9B42A47A44} = {3DC5E18A-2AAF-4ED3-B783-CF9B42A47A44}
		{12CC18E0-547B-4AF4-B965-9F9F95AAB5EC} = {12CC18E0-547B-4AF4-B965-9F9F95AAB5EC}
	EndProjectSection
EndProject
Project("{FAE04EC0-301F-11D3-BF4B-00C04F79EFBC}") = "HaoCodeBuilder.Data.Access", "HaoCodeBuilder.Data.Access\HaoCodeBuilder.Data.Access.csproj", "{2B027833-88ED-4245-9BEE-4D8B3BC86F43}"
	ProjectSection(ProjectDependencies) = postProject
		{D58C0A56-71C6-495A-84B8-E18FD586D859} = {D58C0A56-71C6-495A-84B8-E18FD586D859}
		{3DC5E18A-2AAF-4ED3-B783-CF9B42A47A44} = {3DC5E18A-2AAF-4ED3-B783-CF9B42A47A44}
		{12CC18E0-547B-4AF4-B965-9F9F95AAB5EC} = {12CC18E0-547B-4AF4-B965-9F9F95AAB5EC}
	EndProjectSection
EndProject
Project("{FAE04EC0-301F-11D3-BF4B-00C04F79EFBC}") = "HaoCodeBuilder.Data.SqlServer", "HaoCodeBuilder.Data.SqlServer\HaoCodeBuilder.Data.SqlServer.csproj", "{9F6A8754-7BA9-4D30-9EE7-DA2327730081}"
	ProjectSection(ProjectDependencies) = postProject
		{D58C0A56-71C6-495A-84B8-E18FD586D859} = {D58C0A56-71C6-495A-84B8-E18FD586D859}
		{3DC5E18A-2AAF-4ED3-B783-CF9B42A47A44} = {3DC5E18A-2AAF-4ED3-B783-CF9B42A47A44}
		{12CC18E0-547B-4AF4-B965-9F9F95AAB5EC} = {12CC18E0-547B-4AF4-B965-9F9F95AAB5EC}
	EndProjectSection
EndProject
Global
	GlobalSection(SolutionConfigurationPlatforms) = preSolution
		Debug|Any CPU = Debug|Any CPU
		Debug|Mixed Platforms = Debug|Mixed Platforms
		Debug|x86 = Debug|x86
		Release|Any CPU = Release|Any CPU
		Release|Mixed Platforms = Release|Mixed Platforms
		Release|x86 = Release|x86
	EndGlobalSection
	GlobalSection(ProjectConfigurationPlatforms) = postSolution
		{3DC5E18A-2AAF-4ED3-B783-CF9B42A47A44}.Debug|Any CPU.ActiveCfg = Debug|Any CPU
		{3DC5E18A-2AAF-4ED3-B783-CF9B42A47A44}.Debug|Any CPU.Build.0 = Debug|Any CPU
		{3DC5E18A-2AAF-4ED3-B783-CF9B42A47A44}.Debug|Mixed Platforms.ActiveCfg = Release|Any CPU
		{3DC5E18A-2AAF-4ED3-B783-CF9B42A47A44}.Debug|Mixed Platforms.Build.0 = Release|Any CPU
		{3DC5E18A-2AAF-4ED3-B783-CF9B42A47A44}.Debug|x86.ActiveCfg = Debug|Any CPU
		{3DC5E18A-2AAF-4ED3-B783-CF9B42A47A44}.Release|Any CPU.ActiveCfg = Release|Any CPU
		{3DC5E18A-2AAF-4ED3-B783-CF9B42A47A44}.Release|Any CPU.Build.0 = Release|Any CPU
		{3DC5E18A-2AAF-4ED3-B783-CF9B42A47A44}.Release|Mixed Platforms.ActiveCfg = Release|Any CPU
		{3DC5E18A-2AAF-4ED3-B783-CF9B42A47A44}.Release|Mixed Platforms.Build.0 = Release|Any CPU
		{3DC5E18A-2AAF-4ED3-B783-CF9B42A47A44}.Release|x86.ActiveCfg = Release|Any CPU
		{D58C0A56-71C6-495A-84B8-E18FD586D859}.Debug|Any CPU.ActiveCfg = Debug|Any CPU
		{D58C0A56-71C6-495A-84B8-E18FD586D859}.Debug|Any CPU.Build.0 = Debug|Any CPU
		{D58C0A56-71C6-495A-84B8-E18FD586D859}.Debug|Mixed Platforms.ActiveCfg = Release|Any CPU
		{D58C0A56-71C6-495A-84B8-E18FD586D859}.Debug|Mixed Platforms.Build.0 = Release|Any CPU
		{D58C0A56-71C6-495A-84B8-E18FD586D859}.Debug|x86.ActiveCfg = Debug|Any CPU
		{D58C0A56-71C6-495A-84B8-E18FD586D859}.Release|Any CPU.ActiveCfg = Release|Any CPU
		{D58C0A56-71C6-495A-84B8-E18FD586D859}.Release|Any CPU.Build.0 = Release|Any CPU
		{D58C0A56-71C6-495A-84B8-E18FD586D859}.Release|Mixed Platforms.ActiveCfg = Release|Any CPU
		{D58C0A56-71C6-495A-84B8-E18FD586D859}.Release|Mixed Platforms.Build.0 = Release|Any CPU
		{D58C0A56-71C6-495A-84B8-E18FD586D859}.Release|x86.ActiveCfg = Release|Any CPU
		{A61C28E7-C0B7-4F79-9F78-079494DD564D}.Debug|Any CPU.ActiveCfg = Debug|Any CPU
		{A61C28E7-C0B7-4F79-9F78-079494DD564D}.Debug|Any CPU.Build.0 = Debug|Any CPU
		{A61C28E7-C0B7-4F79-9F78-079494DD564D}.Debug|Mixed Platforms.ActiveCfg = Release|Any CPU
		{A61C28E7-C0B7-4F79-9F78-079494DD564D}.Debug|Mixed Platforms.Build.0 = Release|Any CPU
		{A61C28E7-C0B7-4F79-9F78-079494DD564D}.Debug|x86.ActiveCfg = Debug|Any CPU
		{A61C28E7-C0B7-4F79-9F78-079494DD564D}.Release|Any CPU.ActiveCfg = Release|Any CPU
		{A61C28E7-C0B7-4F79-9F78-079494DD564D}.Release|Any CPU.Build.0 = Release|Any CPU
		{A61C28E7-C0B7-4F79-9F78-079494DD564D}.Release|Mixed Platforms.ActiveCfg = Release|Any CPU
		{A61C28E7-C0B7-4F79-9F78-079494DD564D}.Release|Mixed Platforms.Build.0 = Release|Any CPU
		{A61C28E7-C0B7-4F79-9F78-079494DD564D}.Release|x86.ActiveCfg = Release|Any CPU
		{AA7F2C2D-0689-4994-8ED0-A322DE928C07}.Debug|Any CPU.ActiveCfg = Debug|Any CPU
		{AA7F2C2D-0689-4994-8ED0-A322DE928C07}.Debug|Any CPU.Build.0 = Debug|Any CPU
		{AA7F2C2D-0689-4994-8ED0-A322DE928C07}.Debug|Mixed Platforms.ActiveCfg = Release|Any CPU
		{AA7F2C2D-0689-4994-8ED0-A322DE928C07}.Debug|Mixed Platforms.Build.0 = Release|Any CPU
		{AA7F2C2D-0689-4994-8ED0-A322DE928C07}.Debug|x86.ActiveCfg = Debug|Any CPU
		{AA7F2C2D-0689-4994-8ED0-A322DE928C07}.Release|Any CPU.ActiveCfg = Release|Any CPU
		{AA7F2C2D-0689-4994-8ED0-A322DE928C07}.Release|Any CPU.Build.0 = Release|Any CPU
		{AA7F2C2D-0689-4994-8ED0-A322DE928C07}.Release|Mixed Platforms.ActiveCfg = Release|Any CPU
		{AA7F2C2D-0689-4994-8ED0-A322DE928C07}.Release|Mixed Platforms.Build.0 = Release|Any CPU
		{AA7F2C2D-0689-4994-8ED0-A322DE928C07}.Release|x86.ActiveCfg = Release|Any CPU
		{B9709B11-4606-4C92-AAD7-B8B50AB2E1B8}.Debug|Any CPU.ActiveCfg = Debug|x86
		{B9709B11-4606-4C92-AAD7-B8B50AB2E1B8}.Debug|Mixed Platforms.ActiveCfg = Release|x86
		{B9709B11-4606-4C92-AAD7-B8B50AB2E1B8}.Debug|Mixed Platforms.Build.0 = Release|x86
		{B9709B11-4606-4C92-AAD7-B8B50AB2E1B8}.Debug|x86.ActiveCfg = Debug|x86
		{B9709B11-4606-4C92-AAD7-B8B50AB2E1B8}.Debug|x86.Build.0 = Debug|x86
		{B9709B11-4606-4C92-AAD7-B8B50AB2E1B8}.Release|Any CPU.ActiveCfg = Release|x86
		{B9709B11-4606-4C92-AAD7-B8B50AB2E1B8}.Release|Mixed Platforms.ActiveCfg = Release|x86
		{B9709B11-4606-4C92-AAD7-B8B50AB2E1B8}.Release|Mixed Platforms.Build.0 = Release|x86
		{B9709B11-4606-4C92-AAD7-B8B50AB2E1B8}.Release|x86.ActiveCfg = Release|x86
		{B9709B11-4606-4C92-AAD7-B8B50AB2E1B8}.Release|x86.Build.0 = Release|x86
		{12CC18E0-547B-4AF4-B965-9F9F95AAB5EC}.Debug|Any CPU.ActiveCfg = Debug|Any CPU
		{12CC18E0-547B-4AF4-B965-9F9F95AAB5EC}.Debug|Any CPU.Build.0 = Debug|Any CPU
		{12CC18E0-547B-4AF4-B965-9F9F95AAB5EC}.Debug|Mixed Platforms.ActiveCfg = Debug|Any CPU
		{12CC18E0-547B-4AF4-B965-9F9F95AAB5EC}.Debug|Mixed Platforms.Build.0 = Debug|Any CPU
		{12CC18E0-547B-4AF4-B965-9F9F95AAB5EC}.Debug|x86.ActiveCfg = Debug|Any CPU
		{12CC18E0-547B-4AF4-B965-9F9F95AAB5EC}.Release|Any CPU.ActiveCfg = Release|Any CPU
		{12CC18E0-547B-4AF4-B965-9F9F95AAB5EC}.Release|Any CPU.Build.0 = Release|Any CPU
		{12CC18E0-547B-4AF4-B965-9F9F95AAB5EC}.Release|Mixed Platforms.ActiveCfg = Release|Any CPU
		{12CC18E0-547B-4AF4-B965-9F9F95AAB5EC}.Release|Mixed Platforms.Build.0 = Release|Any CPU
		{12CC18E0-547B-4AF4-B965-9F9F95AAB5EC}.Release|x86.ActiveCfg = Release|Any CPU
		{6560CDB1-C655-4DE4-B059-07312816F2A2}.Debug|Any CPU.ActiveCfg = Debug|Any CPU
		{6560CDB1-C655-4DE4-B059-07312816F2A2}.Debug|Any CPU.Build.0 = Debug|Any CPU
		{6560CDB1-C655-4DE4-B059-07312816F2A2}.Debug|Mixed Platforms.ActiveCfg = Debug|Any CPU
		{6560CDB1-C655-4DE4-B059-07312816F2A2}.Debug|Mixed Platforms.Build.0 = Debug|Any CPU
		{6560CDB1-C655-4DE4-B059-07312816F2A2}.Debug|x86.ActiveCfg = Debug|Any CPU
		{6560CDB1-C655-4DE4-B059-07312816F2A2}.Release|Any CPU.ActiveCfg = Release|Any CPU
		{6560CDB1-C655-4DE4-B059-07312816F2A2}.Release|Any CPU.Build.0 = Release|Any CPU
		{6560CDB1-C655-4DE4-B059-07312816F2A2}.Release|Mixed Platforms.ActiveCfg = Release|Any CPU
		{6560CDB1-C655-4DE4-B059-07312816F2A2}.Release|Mixed Platforms.Build.0 = Release|Any CPU
		{6560CDB1-C655-4DE4-B059-07312816F2A2}.Release|x86.ActiveCfg = Release|Any CPU
		{97858E96-E14D-4FB8-B5A1-646B2F581206}.Debug|Any CPU.ActiveCfg = Debug|Any CPU
		{97858E96-E14D-4FB8-B5A1-646B2F581206}.Debug|Any CPU.Build.0 = Debug|Any CPU
		{97858E96-E14D-4FB8-B5A1-646B2F581206}.Debug|Mixed Platforms.ActiveCfg = Debug|Any CPU
		{97858E96-E14D-4FB8-B5A1-646B2F581206}.Debug|Mixed Platforms.Build.0 = Debug|Any CPU
		{97858E96-E14D-4FB8-B5A1-646B2F581206}.Debug|x86.ActiveCfg = Debug|Any CPU
		{97858E96-E14D-4FB8-B5A1-646B2F581206}.Release|Any CPU.ActiveCfg = Release|Any CPU
		{97858E96-E14D-4FB8-B5A1-646B2F581206}.Release|Any CPU.Build.0 = Release|Any CPU
		{97858E96-E14D-4FB8-B5A1-646B2F581206}.Release|Mixed Platforms.ActiveCfg = Release|Any CPU
		{97858E96-E14D-4FB8-B5A1-646B2F581206}.Release|Mixed Platforms.Build.0 = Release|Any CPU
		{97858E96-E14D-4FB8-B5A1-646B2F581206}.Release|x86.ActiveCfg = Release|Any CPU
		{DE2E25F6-2A6F-4192-824B-446EB18B922C}.Debug|Any CPU.ActiveCfg = Debug|Any CPU
		{DE2E25F6-2A6F-4192-824B-446EB18B922C}.Debug|Any CPU.Build.0 = Debug|Any CPU
		{DE2E25F6-2A6F-4192-824B-446EB18B922C}.Debug|Mixed Platforms.ActiveCfg = Debug|Any CPU
		{DE2E25F6-2A6F-4192-824B-446EB18B922C}.Debug|Mixed Platforms.Build.0 = Debug|Any CPU
		{DE2E25F6-2A6F-4192-824B-446EB18B922C}.Debug|x86.ActiveCfg = Debug|Any CPU
		{DE2E25F6-2A6F-4192-824B-446EB18B922C}.Release|Any CPU.ActiveCfg = Release|Any CPU
		{DE2E25F6-2A6F-4192-824B-446EB18B922C}.Release|Any CPU.Build.0 = Release|Any CPU
		{DE2E25F6-2A6F-4192-824B-446EB18B922C}.Release|Mixed Platforms.ActiveCfg = Release|Any CPU
		{DE2E25F6-2A6F-4192-824B-446EB18B922C}.Release|Mixed Platforms.Build.0 = Release|Any CPU
		{DE2E25F6-2A6F-4192-824B-446EB18B922C}.Release|x86.ActiveCfg = Release|Any CPU
		{2B027833-88ED-4245-9BEE-4D8B3BC86F43}.Debug|Any CPU.ActiveCfg = Debug|Any CPU
		{2B027833-88ED-4245-9BEE-4D8B3BC86F43}.Debug|Any CPU.Build.0 = Debug|Any CPU
		{2B027833-88ED-4245-9BEE-4D8B3BC86F43}.Debug|Mixed Platforms.ActiveCfg = Debug|Any CPU
		{2B027833-88ED-4245-9BEE-4D8B3BC86F43}.Debug|Mixed Platforms.Build.0 = Debug|Any CPU
		{2B027833-88ED-4245-9BEE-4D8B3BC86F43}.Debug|x86.ActiveCfg = Debug|Any CPU
		{2B027833-88ED-4245-9BEE-4D8B3BC86F43}.Release|Any CPU.ActiveCfg = Release|Any CPU
		{2B027833-88ED-4245-9BEE-4D8B3BC86F43}.Release|Any CPU.Build.0 = Release|Any CPU
		{2B027833-88ED-4245-9BEE-4D8B3BC86F43}.Release|Mixed Platforms.ActiveCfg = Release|Any CPU
		{2B027833-88ED-4245-9BEE-4D8B3BC86F43}.Release|Mixed Platforms.Build.0 = Release|Any CPU
		{2B027833-88ED-4245-9BEE-4D8B3BC86F43}.Release|x86.ActiveCfg = Release|Any CPU
		{9F6A8754-7BA9-4D30-9EE7-DA2327730081}.Debug|Any CPU.ActiveCfg = Debug|Any CPU
		{9F6A8754-7BA9-4D30-9EE7-DA2327730081}.Debug|Any CPU.Build.0 = Debug|Any CPU
		{9F6A8754-7BA9-4D30-9EE7-DA2327730081}.Debug|Mixed Platforms.ActiveCfg = Debug|Any CPU
		{9F6A8754-7BA9-4D30-9EE7-DA2327730081}.Debug|Mixed Platforms.Build.0 = Debug|Any CPU
		{9F6A8754-7BA9-4D30-9EE7-DA2327730081}.Debug|x86.ActiveCfg = Debug|Any CPU
		{9F6A8754-7BA9-4D30-9EE7-DA2327730081}.Release|Any CPU.ActiveCfg = Release|Any CPU
		{9F6A8754-7BA9-4D30-9EE7-DA2327730081}.Release|Any CPU.Build.0 = Release|Any CPU
		{9F6A8754-7BA9-4D30-9EE7-DA2327730081}.Release|Mixed Platforms.ActiveCfg = Release|Any CPU
		{9F6A8754-7BA9-4D30-9EE7-DA2327730081}.Release|Mixed Platforms.Build.0 = Release|Any CPU
		{9F6A8754-7BA9-4D30-9EE7-DA2327730081}.Release|x86.ActiveCfg = Release|Any CPU
	EndGlobalSection
	GlobalSection(SolutionProperties) = preSolution
		HideSolutionNode = FALSE
	EndGlobalSection
EndGlobal
